
Microsoft Visual Studio Solution File, Format Version 12.00
# Visual Studio Version 17
VisualStudioVersion = 17.1.32210.238
MinimumVisualStudioVersion = 10.0.40219.1
Project("{8BC9CEB8-8B4A-11D0-8D11-00A0C91BC942}") = "compiler_dev_cpp_new", "compiler_dev_cpp_new.vcxproj", "{A348470C-2586-362B-AC33-29E365484906}"
EndProject
Global
	GlobalSection(SolutionConfigurationPlatforms) = preSolution
		Debug|x64 = Debug|x64
		MinSizeRel|x64 = MinSizeRel|x64
		Release|x64 = Release|x64
		RelWithDebInfo|x64 = RelWithDebInfo|x64
	EndGlobalSection
	GlobalSection(ProjectConfigurationPlatforms) = postSolution
		{A348470C-2586-362B-AC33-29E365484906}.Debug|x64.ActiveCfg = Debug|x64
		{A348470C-2586-362B-AC33-29E365484906}.Debug|x64.Build.0 = Debug|x64
		{A348470C-2586-362B-AC33-29E365484906}.MinSizeRel|x64.ActiveCfg = MinSizeRel|x64
		{A348470C-2586-362B-AC33-29E365484906}.MinSizeRel|x64.Build.0 = MinSizeRel|x64
		{A348470C-2586-362B-AC33-29E365484906}.Release|x64.ActiveCfg = Release|x64
		{A348470C-2586-362B-AC33-29E365484906}.Release|x64.Build.0 = Release|x64
		{A348470C-2586-362B-AC33-29E365484906}.RelWithDebInfo|x64.ActiveCfg = RelWithDebInfo|x64
		{A348470C-2586-362B-AC33-29E365484906}.RelWithDebInfo|x64.Build.0 = RelWithDebInfo|x64
	EndGlobalSection
	GlobalSection(SolutionProperties) = preSolution
		HideSolutionNode = FALSE
	EndGlobalSection
	GlobalSection(ExtensibilityGlobals) = postSolution
		SolutionGuid = {DFE7EDF6-CCB8-3FA6-8914-9A8FAA6261C4}
	EndGlobalSection
EndGlobal
